// !$*UTF8*$!
{
	archiveVersion = 1;
	classes = {
	};
	objectVersion = 77;
	objects = {

/* Begin PBXBuildFile section */
		CCDD00012F46000000F1F0E7 /* yolo26m-cls.mlpackage in Sources */ = {isa = PBXBuildFile; fileRef = CCDD00022F46000000F1F0E7 /* yolo26m-cls.mlpackage */; };
		DF2C776F2F43335D00F1F0E7 /* VisionEmojiApp.swift in Sources */ = {isa = PBXBuildFile; fileRef = DF2C77702F43335D00F1F0E7 /* VisionEmojiApp.swift */; };
		DF2C77712F43335D00F1F0E7 /* ContentView.swift in Sources */ = {isa = PBXBuildFile; fileRef = DF2C77722F43335D00F1F0E7 /* ContentView.swift */; };
		DF2C77732F43335D00F1F0E7 /* Assets.xcassets in Resources */ = {isa = PBXBuildFile; fileRef = DF2C77742F43335D00F1F0E7 /* Assets.xcassets */; };
		DF2C77802F43335D00F1F0E7 /* CameraService.swift in Sources */ = {isa = PBXBuildFile; fileRef = DF2C77812F43335D00F1F0E7 /* CameraService.swift */; };
		DF2C77822F43335D00F1F0E7 /* VisionService.swift in Sources */ = {isa = PBXBuildFile; fileRef = DF2C77832F43335D00F1F0E7 /* VisionService.swift */; };
		DF2C77842F43335D00F1F0E7 /* EmojiOverlayService.swift in Sources */ = {isa = PBXBuildFile; fileRef = DF2C77852F43335D00F1F0E7 /* EmojiOverlayService.swift */; };
		DF2C77862F43335D00F1F0E7 /* EmojiAssetService.swift in Sources */ = {isa = PBXBuildFile; fileRef = DF2C77872F43335D00F1F0E7 /* EmojiAssetService.swift */; };
		DF2C77882F43335D00F1F0E7 /* DetectionResult.swift in Sources */ = {isa = PBXBuildFile; fileRef = DF2C77892F43335D00F1F0E7 /* DetectionResult.swift */; };
		DF2C778A2F43335D00F1F0E7 /* CameraView.swift in Sources */ = {isa = PBXBuildFile; fileRef = DF2C778B2F43335D00F1F0E7 /* CameraView.swift */; };
		DF2C778C2F43335D00F1F0E7 /* SettingsView.swift in Sources */ = {isa = PBXBuildFile; fileRef = DF2C778D2F43335D00F1F0E7 /* SettingsView.swift */; };
		DF2C778E2F43335D00F1F0E7 /* AnimatedEmojiView.swift in Sources */ = {isa = PBXBuildFile; fileRef = DF2C778F2F43335D00F1F0E7 /* AnimatedEmojiView.swift */; };
		DF2C77902F43335D00F1F0E7 /* PermissionRequestView.swift in Sources */ = {isa = PBXBuildFile; fileRef = DF2C77912F43335D00F1F0E7 /* PermissionRequestView.swift */; };
		DF2C77922F43335D00F1F0E7 /* GlassEffectContainer.swift in Sources */ = {isa = PBXBuildFile; fileRef = DF2C77932F43335D00F1F0E7 /* GlassEffectContainer.swift */; };
		DF2C779A2F43335D00F1F0E7 /* EmojiOverlayView.swift in Sources */ = {isa = PBXBuildFile; fileRef = DF2C779B2F43335D00F1F0E7 /* EmojiOverlayView.swift */; };
		DF2C78872F443F5900F1F0E7 /* yolo26m.mlpackage in Sources */ = {isa = PBXBuildFile; fileRef = DF2C78782F443F5900F1F0E7 /* yolo26m.mlpackage */; };
		DF2C789F2F4492B900F1F0E7 /* seenoevil.icon in Resources */ = {isa = PBXBuildFile; fileRef = DF2C789E2F4492B900F1F0E7 /* seenoevil.icon */; };
/* End PBXBuildFile section */

/* Begin PBXFileReference section */
		CCDD00022F46000000F1F0E7 /* yolo26m-cls.mlpackage */ = {isa = PBXFileReference; lastKnownFileType = folder.mlpackage; path = "yolo26m-cls.mlpackage"; sourceTree = "<group>"; };
		DF2C77612F43335C00F1F0E7 /* VisionEmoji.app */ = {isa = PBXFileReference; explicitFileType = wrapper.application; includeInIndex = 0; path = VisionEmoji.app; sourceTree = BUILT_PRODUCTS_DIR; };
		DF2C77702F43335D00F1F0E7 /* VisionEmojiApp.swift */ = {isa = PBXFileReference; lastKnownFileType = sourcecode.swift; path = VisionEmojiApp.swift; sourceTree = "<group>"; };
		DF2C77722F43335D00F1F0E7 /* ContentView.swift */ = {isa = PBXFileReference; lastKnownFileType = sourcecode.swift; path = ContentView.swift; sourceTree = "<group>"; };
		DF2C77742F43335D00F1F0E7 /* Assets.xcassets */ = {isa = PBXFileReference; lastKnownFileType = folder.assetcatalog; path = Assets.xcassets; sourceTree = "<group>"; };
		DF2C77762F43335D00F1F0E7 /* Info.plist */ = {isa = PBXFileReference; lastKnownFileType = text.plist.xml; path = Info.plist; sourceTree = "<group>"; };
		DF2C77812F43335D00F1F0E7 /* CameraService.swift */ = {isa = PBXFileReference; lastKnownFileType = sourcecode.swift; path = CameraService.swift; sourceTree = "<group>"; };
		DF2C77832F43335D00F1F0E7 /* VisionService.swift */ = {isa = PBXFileReference; lastKnownFileType = sourcecode.swift; path = VisionService.swift; sourceTree = "<group>"; };
		DF2C77852F43335D00F1F0E7 /* EmojiOverlayService.swift */ = {isa = PBXFileReference; lastKnownFileType = sourcecode.swift; path = EmojiOverlayService.swift; sourceTree = "<group>"; };
		DF2C77872F43335D00F1F0E7 /* EmojiAssetService.swift */ = {isa = PBXFileReference; lastKnownFileType = sourcecode.swift; path = EmojiAssetService.swift; sourceTree = "<group>"; };
		DF2C77892F43335D00F1F0E7 /* DetectionResult.swift */ = {isa = PBXFileReference; lastKnownFileType = sourcecode.swift; path = DetectionResult.swift; sourceTree = "<group>"; };
		DF2C778B2F43335D00F1F0E7 /* CameraView.swift */ = {isa = PBXFileReference; lastKnownFileType = sourcecode.swift; path = CameraView.swift; sourceTree = "<group>"; };
		DF2C778D2F43335D00F1F0E7 /* SettingsView.swift */ = {isa = PBXFileReference; lastKnownFileType = sourcecode.swift; path = SettingsView.swift; sourceTree = "<group>"; };
		DF2C778F2F43335D00F1F0E7 /* AnimatedEmojiView.swift */ = {isa = PBXFileReference; lastKnownFileType = sourcecode.swift; path = AnimatedEmojiView.swift; sourceTree = "<group>"; };
		DF2C77912F43335D00F1F0E7 /* PermissionRequestView.swift */ = {isa = PBXFileReference; lastKnownFileType = sourcecode.swift; path = PermissionRequestView.swift; sourceTree = "<group>"; };
		DF2C77932F43335D00F1F0E7 /* GlassEffectContainer.swift */ = {isa = PBXFileReference; lastKnownFileType = sourcecode.swift; path = GlassEffectContainer.swift; sourceTree = "<group>"; };
		DF2C779B2F43335D00F1F0E7 /* EmojiOverlayView.swift */ = {isa = PBXFileReference; lastKnownFileType = sourcecode.swift; path = EmojiOverlayView.swift; sourceTree = "<group>"; };
		DF2C78782F443F5900F1F0E7 /* yolo26m.mlpackage */ = {isa = PBXFileReference; lastKnownFileType = folder.mlpackage; path = yolo26m.mlpackage; sourceTree = "<group>"; };
		DF2C789E2F4492B900F1F0E7 /* seenoevil.icon */ = {isa = PBXFileReference; lastKnownFileType = folder.iconcomposer.icon; path = seenoevil.icon; sourceTree = "<group>"; };
/* End PBXFileReference section */

/* Begin PBXFrameworksBuildPhase section */
		DF2C775E2F43335C00F1F0E7 /* Frameworks */ = {
			isa = PBXFrameworksBuildPhase;
			buildActionMask = 2147483647;
			files = (
			);
			runOnlyForDeploymentPostprocessing = 0;
		};
/* End PBXFrameworksBuildPhase section */

/* Begin PBXGroup section */
		DF2C77582F43335B00F1F0E7 = {
			isa = PBXGroup;
			children = (
				DF2C789E2F4492B900F1F0E7 /* seenoevil.icon */,
				DF2C77632F43335C00F1F0E7 /* VisionEmoji */,
				DF2C77622F43335C00F1F0E7 /* Products */,
			);
			sourceTree = "<group>";
		};
		DF2C77622F43335C00F1F0E7 /* Products */ = {
			isa = PBXGroup;
			children = (
				DF2C77612F43335C00F1F0E7 /* VisionEmoji.app */,
			);
			name = Products;
			sourceTree = "<group>";
		};
		DF2C77632F43335C00F1F0E7 /* VisionEmoji */ = {
			isa = PBXGroup;
			children = (
				DF2C77702F43335D00F1F0E7 /* VisionEmojiApp.swift */,
				DF2C77722F43335D00F1F0E7 /* ContentView.swift */,
				DF2C78782F443F5900F1F0E7 /* yolo26m.mlpackage */,
				CCDD00022F46000000F1F0E7 /* yolo26m-cls.mlpackage */,
				DF2C77742F43335D00F1F0E7 /* Assets.xcassets */,
				DF2C77762F43335D00F1F0E7 /* Info.plist */,
				DF2C77942F43335D00F1F0E7 /* Services */,
				DF2C77952F43335D00F1F0E7 /* Views */,
				DF2C77962F43335D00F1F0E7 /* Models */,
			);
			path = VisionEmoji;
			sourceTree = "<group>";
		};
		DF2C77942F43335D00F1F0E7 /* Services */ = {
			isa = PBXGroup;
			children = (
				DF2C77812F43335D00F1F0E7 /* CameraService.swift */,
				DF2C77832F43335D00F1F0E7 /* VisionService.swift */,
				DF2C77852F43335D00F1F0E7 /* EmojiOverlayService.swift */,
				DF2C77872F43335D00F1F0E7 /* EmojiAssetService.swift */,
			);
			path = Services;
			sourceTree = "<group>";
		};
		DF2C77952F43335D00F1F0E7 /* Views */ = {
			isa = PBXGroup;
			children = (
				DF2C778B2F43335D00F1F0E7 /* CameraView.swift */,
				DF2C778D2F43335D00F1F0E7 /* SettingsView.swift */,
				DF2C778F2F43335D00F1F0E7 /* AnimatedEmojiView.swift */,
				DF2C77912F43335D00F1F0E7 /* PermissionRequestView.swift */,
				DF2C77932F43335D00F1F0E7 /* GlassEffectContainer.swift */,
				DF2C779B2F43335D00F1F0E7 /* EmojiOverlayView.swift */,
			);
			path = Views;
			sourceTree = "<group>";
		};
		DF2C77962F43335D00F1F0E7 /* Models */ = {
			isa = PBXGroup;
			children = (
				DF2C77892F43335D00F1F0E7 /* DetectionResult.swift */,
			);
			path = Models;
			sourceTree = "<group>";
		};
/* End PBXGroup section */

/* Begin PBXNativeTarget section */
		DF2C77602F43335C00F1F0E7 /* VisionEmoji */ = {
			isa = PBXNativeTarget;
			buildConfigurationList = DF2C776C2F43335D00F1F0E7 /* Build configuration list for PBXNativeTarget "VisionEmoji" */;
			buildPhases = (
				DF2C775D2F43335C00F1F0E7 /* Sources */,
				DF2C775E2F43335C00F1F0E7 /* Frameworks */,
				DF2C775F2F43335C00F1F0E7 /* Resources */,
			);
			buildRules = (
			);
			dependencies = (
			);
			name = VisionEmoji;
			productName = VisionEmoji;
			productReference = DF2C77612F43335C00F1F0E7 /* VisionEmoji.app */;
			productType = "com.apple.product-type.application";
		};
/* End PBXNativeTarget section */

/* Begin PBXProject section */
		DF2C77592F43335B00F1F0E7 /* Project object */ = {
			isa = PBXProject;
			attributes = {
				BuildIndependentTargetsInParallel = 1;
				LastSwiftUpdateCheck = 2620;
				LastUpgradeCheck = 2620;
				TargetAttributes = {
					DF2C77602F43335C00F1F0E7 = {
						CreatedOnToolsVersion = 26.2;
					};
				};
			};
			buildConfigurationList = DF2C775C2F43335B00F1F0E7 /* Build configuration list for PBXProject "VisionEmoji" */;
			developmentRegion = en;
			hasScannedForEncodings = 0;
			knownRegions = (
				en,
				Base,
			);
			mainGroup = DF2C77582F43335B00F1F0E7;
			preferredProjectObjectVersion = 77;
			productRefGroup = DF2C77622F43335C00F1F0E7 /* Products */;
			projectDirPath = "";
			projectRoot = "";
			targets = (
				DF2C77602F43335C00F1F0E7 /* VisionEmoji */,
			);
		};
/* End PBXProject section */

/* Begin PBXResourcesBuildPhase section */
		DF2C775F2F43335C00F1F0E7 /* Resources */ = {
			isa = PBXResourcesBuildPhase;
			buildActionMask = 2147483647;
			files = (
				DF2C77732F43335D00F1F0E7 /* Assets.xcassets in Resources */,
				DF2C789F2F4492B900F1F0E7 /* seenoevil.icon in Resources */,
			);
			runOnlyForDeploymentPostprocessing = 0;
		};
/* End PBXResourcesBuildPhase section */

/* Begin PBXSourcesBuildPhase section */
		DF2C775D2F43335C00F1F0E7 /* Sources */ = {
			isa = PBXSourcesBuildPhase;
			buildActionMask = 2147483647;
			files = (
				DF2C776F2F43335D00F1F0E7 /* VisionEmojiApp.swift in Sources */,
				DF2C77712F43335D00F1F0E7 /* ContentView.swift in Sources */,
				DF2C77802F43335D00F1F0E7 /* CameraService.swift in Sources */,
				DF2C77822F43335D00F1F0E7 /* VisionService.swift in Sources */,
				DF2C77842F43335D00F1F0E7 /* EmojiOverlayService.swift in Sources */,
				DF2C77862F43335D00F1F0E7 /* EmojiAssetService.swift in Sources */,
				DF2C77882F43335D00F1F0E7 /* DetectionResult.swift in Sources */,
				DF2C778A2F43335D00F1F0E7 /* CameraView.swift in Sources */,
				DF2C778C2F43335D00F1F0E7 /* SettingsView.swift in Sources */,
				DF2C778E2F43335D00F1F0E7 /* AnimatedEmojiView.swift in Sources */,
				DF2C77902F43335D00F1F0E7 /* PermissionRequestView.swift in Sources */,
				DF2C77922F43335D00F1F0E7 /* GlassEffectContainer.swift in Sources */,
				DF2C779A2F43335D00F1F0E7 /* EmojiOverlayView.swift in Sources */,
				DF2C78872F443F5900F1F0E7 /* yolo26m.mlpackage in Sources */,
				CCDD00012F46000000F1F0E7 /* yolo26m-cls.mlpackage in Sources */,
			);
			runOnlyForDeploymentPostprocessing = 0;
		};
/* End PBXSourcesBuildPhase section */

/* Begin XCBuildConfiguration section */
		DF2C776A2F43335D00F1F0E7 /* Debug */ = {
			isa = XCBuildConfiguration;
			buildSettings = {
				ALWAYS_SEARCH_USER_PATHS = NO;
				ASSETCATALOG_COMPILER_GENERATE_SWIFT_ASSET_SYMBOL_EXTENSIONS = YES;
				CLANG_ANALYZER_NONNULL = YES;
				CLANG_ANALYZER_NUMBER_OBJECT_CONVERSION = YES_AGGRESSIVE;
				CLANG_CXX_LANGUAGE_STANDARD = "gnu++20";
				CLANG_ENABLE_MODULES = YES;
				CLANG_ENABLE_OBJC_ARC = YES;
				CLANG_ENABLE_OBJC_WEAK = YES;
				CLANG_WARN_BLOCK_CAPTURE_AUTORELEASING = YES;
				CLANG_WARN_BOOL_CONVERSION = YES;
				CLANG_WARN_COMMA = YES;
				CLANG_WARN_CONSTANT_CONVERSION = YES;
				CLANG_WARN_DEPRECATED_OBJC_IMPLEMENTATIONS = YES;
				CLANG_WARN_DIRECT_OBJC_ISA_USAGE = YES_ERROR;
				CLANG_WARN_DOCUMENTATION_COMMENTS = YES;
				CLANG_WARN_EMPTY_BODY = YES;
				CLANG_WARN_ENUM_CONVERSION = YES;
				CLANG_WARN_INFINITE_RECURSION = YES;
				CLANG_WARN_INT_CONVERSION = YES;
				CLANG_WARN_NON_LITERAL_NULL_CONVERSION = YES;
				CLANG_WARN_OBJC_IMPLICIT_RETAIN_SELF = YES;
				CLANG_WARN_OBJC_LITERAL_CONVERSION = YES;
				CLANG_WARN_OBJC_ROOT_CLASS = YES_ERROR;
				CLANG_WARN_QUOTED_INCLUDE_IN_FRAMEWORK_HEADER = YES;
				CLANG_WARN_RANGE_LOOP_ANALYSIS = YES;
				CLANG_WARN_STRICT_PROTOTYPES = YES;
				CLANG_WARN_SUSPICIOUS_MOVE = YES;
				CLANG_WARN_UNGUARDED_AVAILABILITY = YES_AGGRESSIVE;
				CLANG_WARN_UNREACHABLE_CODE = YES;
				CLANG_WARN__DUPLICATE_METHOD_MATCH = YES;
				COPY_PHASE_STRIP = NO;
				DEBUG_INFORMATION_FORMAT = dwarf;
				DEVELOPMENT_TEAM = 8S7P33V94X;
				ENABLE_STRICT_OBJC_MSGSEND = YES;
				ENABLE_TESTABILITY = YES;
				ENABLE_USER_SCRIPT_SANDBOXING = YES;
				GCC_C_LANGUAGE_STANDARD = gnu17;
				GCC_DYNAMIC_NO_PIC = NO;
				GCC_NO_COMMON_BLOCKS = YES;
				GCC_OPTIMIZATION_LEVEL = 0;
				GCC_PREPROCESSOR_DEFINITIONS = (
					"DEBUG=1",
					"$(inherited)",
				);
				GCC_WARN_64_TO_32_BIT_CONVERSION = YES;
				GCC_WARN_ABOUT_RETURN_TYPE = YES_ERROR;
				GCC_WARN_UNDECLARED_SELECTOR = YES;
				GCC_WARN_UNINITIALIZED_AUTOS = YES_AGGRESSIVE;
				GCC_WARN_UNUSED_FUNCTION = YES;
				GCC_WARN_UNUSED_VARIABLE = YES;
				IPHONEOS_DEPLOYMENT_TARGET = 26.2;
				LOCALIZATION_PREFERS_STRING_CATALOGS = YES;
				MTL_ENABLE_DEBUG_INFO = INCLUDE_SOURCE;
				MTL_FAST_MATH = YES;
				ONLY_ACTIVE_ARCH = YES;
				SDKROOT = iphoneos;
				SWIFT_ACTIVE_COMPILATION_CONDITIONS = "DEBUG $(inherited)";
				SWIFT_OPTIMIZATION_LEVEL = "-Onone";
			};
			name = Debug;
		};
		DF2C776B2F43335D00F1F0E7 /* Release */ = {
			isa = XCBuildConfiguration;
			buildSettings = {
				ALWAYS_SEARCH_USER_PATHS = NO;
				ASSETCATALOG_COMPILER_GENERATE_SWIFT_ASSET_SYMBOL_EXTENSIONS = YES;
				CLANG_ANALYZER_NONNULL = YES;
				CLANG_ANALYZER_NUMBER_OBJECT_CONVERSION = YES_AGGRESSIVE;
				CLANG_CXX_LANGUAGE_STANDARD = "gnu++20";
				CLANG_ENABLE_MODULES = YES;
				CLANG_ENABLE_OBJC_ARC = YES;
				CLANG_ENABLE_OBJC_WEAK = YES;
				CLANG_WARN_BLOCK_CAPTURE_AUTORELEASING = YES;
				CLANG_WARN_BOOL_CONVERSION = YES;
				CLANG_WARN_COMMA = YES;
				CLANG_WARN_CONSTANT_CONVERSION = YES;
				CLANG_WARN_DEPRECATED_OBJC_IMPLEMENTATIONS = YES;
				CLANG_WARN_DIRECT_OBJC_ISA_USAGE = YES_ERROR;
				CLANG_WARN_DOCUMENTATION_COMMENTS = YES;
				CLANG_WARN_EMPTY_BODY = YES;
				CLANG_WARN_ENUM_CONVERSION = YES;
				CLANG_WARN_INFINITE_RECURSION = YES;
				CLANG_WARN_INT_CONVERSION = YES;
				CLANG_WARN_NON_LITERAL_NULL_CONVERSION = YES;
				CLANG_WARN_OBJC_IMPLICIT_RETAIN_SELF = YES;
				CLANG_WARN_OBJC_LITERAL_CONVERSION = YES;
				CLANG_WARN_OBJC_ROOT_CLASS = YES_ERROR;
				CLANG_WARN_QUOTED_INCLUDE_IN_FRAMEWORK_HEADER = YES;
				CLANG_WARN_RANGE_LOOP_ANALYSIS = YES;
				CLANG_WARN_STRICT_PROTOTYPES = YES;
				CLANG_WARN_SUSPICIOUS_MOVE = YES;
				CLANG_WARN_UNGUARDED_AVAILABILITY = YES_AGGRESSIVE;
				CLANG_WARN_UNREACHABLE_CODE = YES;
				CLANG_WARN__DUPLICATE_METHOD_MATCH = YES;
				COPY_PHASE_STRIP = NO;
				DEBUG_INFORMATION_FORMAT = "dwarf-with-dsym";
				DEVELOPMENT_TEAM = 8S7P33V94X;
				ENABLE_NS_ASSERTIONS = NO;
				ENABLE_STRICT_OBJC_MSGSEND = YES;
				ENABLE_USER_SCRIPT_SANDBOXING = YES;
				GCC_C_LANGUAGE_STANDARD = gnu17;
				GCC_NO_COMMON_BLOCKS = YES;
				GCC_WARN_64_TO_32_BIT_CONVERSION = YES;
				GCC_WARN_ABOUT_RETURN_TYPE = YES_ERROR;
				GCC_WARN_UNDECLARED_SELECTOR = YES;
				GCC_WARN_UNINITIALIZED_AUTOS = YES_AGGRESSIVE;
				GCC_WARN_UNUSED_FUNCTION = YES;
				GCC_WARN_UNUSED_VARIABLE = YES;
				IPHONEOS_DEPLOYMENT_TARGET = 26.2;
				LOCALIZATION_PREFERS_STRING_CATALOGS = YES;
				MTL_ENABLE_DEBUG_INFO = NO;
				MTL_FAST_MATH = YES;
				SDKROOT = iphoneos;
				SWIFT_COMPILATION_MODE = wholemodule;
				VALIDATE_PRODUCT = YES;
			};
			name = Release;
		};
		DF2C776D2F43335D00F1F0E7 /* Debug */ = {
			isa = XCBuildConfiguration;
			buildSettings = {
				ASSETCATALOG_COMPILER_APPICON_NAME = AppIcon;
				ASSETCATALOG_COMPILER_GLOBAL_ACCENT_COLOR_NAME = AccentColor;
				ASSETCATALOG_COMPILER_INCLUDE_ALL_APPICON_ASSETS = YES;
				CODE_SIGN_STYLE = Automatic;
				CURRENT_PROJECT_VERSION = 1;
				DEVELOPMENT_TEAM = 8S7P33V94X;
				ENABLE_PREVIEWS = YES;
				EXECUTABLE_NAME = VisionEmoji;
				INFOPLIST_FILE = VisionEmoji/Info.plist;
				INFOPLIST_KEY_CFBundleDisplayName = VisionEmoji;
				INFOPLIST_KEY_LSApplicationCategoryType = "public.app-category.developer-tools";
				INFOPLIST_KEY_UIApplicationSceneManifest_Generation = YES;
				INFOPLIST_KEY_UIApplicationSupportsIndirectInputEvents = YES;
				INFOPLIST_KEY_UILaunchScreen_Generation = YES;
				INFOPLIST_KEY_UISupportedInterfaceOrientations_iPad = "UIInterfaceOrientationPortrait UIInterfaceOrientationPortraitUpsideDown UIInterfaceOrientationLandscapeLeft UIInterfaceOrientationLandscapeRight";
				INFOPLIST_KEY_UISupportedInterfaceOrientations_iPhone = UIInterfaceOrientationPortrait;
				LD_RUNPATH_SEARCH_PATHS = (
					"$(inherited)",
					"@executable_path/Frameworks",
				);
				MARKETING_VERSION = 1.0;
				PRODUCT_BUNDLE_IDENTIFIER = aristides.lintzeris.VisionEmoji;
				PRODUCT_NAME = "$(TARGET_NAME)";
				STRING_CATALOG_GENERATE_SYMBOLS = YES;
				SUPPORTED_PLATFORMS = "iphoneos iphonesimulator";
				SUPPORTS_MACCATALYST = NO;
				SUPPORTS_MAC_DESIGNED_FOR_IPHONE_IPAD = NO;
				SUPPORTS_XR_DESIGNED_FOR_IPHONE_IPAD = NO;
				SWIFT_APPROACHABLE_CONCURRENCY = YES;
				SWIFT_DEFAULT_ACTOR_ISOLATION = MainActor;
				SWIFT_EMIT_LOC_STRINGS = YES;
				SWIFT_UPCOMING_FEATURE_MEMBER_IMPORT_VISIBILITY = YES;
				SWIFT_VERSION = 5.0;
				TARGETED_DEVICE_FAMILY = 1;
			};
			name = Debug;
		};
		DF2C776E2F43335D00F1F0E7 /* Release */ = {
			isa = XCBuildConfiguration;
			buildSettings = {
				ASSETCATALOG_COMPILER_APPICON_NAME = AppIcon;
				ASSETCATALOG_COMPILER_GLOBAL_ACCENT_COLOR_NAME = AccentColor;
				ASSETCATALOG_COMPILER_INCLUDE_ALL_APPICON_ASSETS = YES;
				CODE_SIGN_STYLE = Automatic;
				CURRENT_PROJECT_VERSION = 1;
				DEVELOPMENT_TEAM = 8S7P33V94X;
				ENABLE_PREVIEWS = YES;
				EXECUTABLE_NAME = VisionEmoji;
				INFOPLIST_FILE = VisionEmoji/Info.plist;
				INFOPLIST_KEY_CFBundleDisplayName = VisionEmoji;
				INFOPLIST_KEY_LSApplicationCategoryType = "public.app-category.developer-tools";
				INFOPLIST_KEY_UIApplicationSceneManifest_Generation = YES;
				INFOPLIST_KEY_UIApplicationSupportsIndirectInputEvents = YES;
				INFOPLIST_KEY_UILaunchScreen_Generation = YES;
				INFOPLIST_KEY_UISupportedInterfaceOrientations_iPad = "UIInterfaceOrientationPortrait UIInterfaceOrientationPortraitUpsideDown UIInterfaceOrientationLandscapeLeft UIInterfaceOrientationLandscapeRight";
				INFOPLIST_KEY_UISupportedInterfaceOrientations_iPhone = UIInterfaceOrientationPortrait;
				LD_RUNPATH_SEARCH_PATHS = (
					"$(inherited)",
					"@executable_path/Frameworks",
				);
				MARKETING_VERSION = 1.0;
				PRODUCT_BUNDLE_IDENTIFIER = aristides.lintzeris.VisionEmoji;
				PRODUCT_NAME = "$(TARGET_NAME)";
				STRING_CATALOG_GENERATE_SYMBOLS = YES;
				SUPPORTED_PLATFORMS = "iphoneos iphonesimulator";
				SUPPORTS_MACCATALYST = NO;
				SUPPORTS_MAC_DESIGNED_FOR_IPHONE_IPAD = NO;
				SUPPORTS_XR_DESIGNED_FOR_IPHONE_IPAD = NO;
				SWIFT_APPROACHABLE_CONCURRENCY = YES;
				SWIFT_DEFAULT_ACTOR_ISOLATION = MainActor;
				SWIFT_EMIT_LOC_STRINGS = YES;
				SWIFT_UPCOMING_FEATURE_MEMBER_IMPORT_VISIBILITY = YES;
				SWIFT_VERSION = 5.0;
				TARGETED_DEVICE_FAMILY = 1;
			};
			name = Release;
		};
/* End XCBuildConfiguration section */

/* Begin XCConfigurationList section */
		DF2C775C2F43335B00F1F0E7 /* Build configuration list for PBXProject "VisionEmoji" */ = {
			isa = XCConfigurationList;
			buildConfigurations = (
				DF2C776A2F43335D00F1F0E7 /* Debug */,
				DF2C776B2F43335D00F1F0E7 /* Release */,
			);
			defaultConfigurationIsVisible = 0;
			defaultConfigurationName = Release;
		};
		DF2C776C2F43335D00F1F0E7 /* Build configuration list for PBXNativeTarget "VisionEmoji" */ = {
			isa = XCConfigurationList;
			buildConfigurations = (
				DF2C776D2F43335D00F1F0E7 /* Debug */,
				DF2C776E2F43335D00F1F0E7 /* Release */,
			);
			defaultConfigurationIsVisible = 0;
			defaultConfigurationName = Release;
		};
/* End XCConfigurationList section */
	};
	rootObject = DF2C77592F43335B00F1F0E7 /* Project object */;
}
